// !$*UTF8*$!
{
	archiveVersion = 1;
	classes = {
	};
	objectVersion = 56;
	objects = {

/* Begin PBXBuildFile section */
		B031FEDE29A48541000574A1 /* AppDelegate.swift in Sources */ = {isa = PBXBuildFile; fileRef = B031FEDD29A48541000574A1 /* AppDelegate.swift */; };
		B031FEE029A48541000574A1 /* SceneDelegate.swift in Sources */ = {isa = PBXBuildFile; fileRef = B031FEDF29A48541000574A1 /* SceneDelegate.swift */; };
		B031FEE229A48541000574A1 /* ViewController.swift in Sources */ = {isa = PBXBuildFile; fileRef = B031FEE129A48541000574A1 /* ViewController.swift */; };
		B031FEE729A48543000574A1 /* Assets.xcassets in Resources */ = {isa = PBXBuildFile; fileRef = B031FEE629A48543000574A1 /* Assets.xcassets */; };
		B031FEF229A4869D000574A1 /* GameScene.swift in Sources */ = {isa = PBXBuildFile; fileRef = B031FEF129A4869D000574A1 /* GameScene.swift */; };
		B031FEF429A48ACC000574A1 /* Player.swift in Sources */ = {isa = PBXBuildFile; fileRef = B031FEF329A48ACC000574A1 /* Player.swift */; };
		B031FEF729A48B11000574A1 /* Bonuses.swift in Sources */ = {isa = PBXBuildFile; fileRef = B031FEF629A48B11000574A1 /* Bonuses.swift */; };
		B031FEF929A48B66000574A1 /* Enemy.swift in Sources */ = {isa = PBXBuildFile; fileRef = B031FEF829A48B66000574A1 /* Enemy.swift */; };
		B031FEFC29A48DB5000574A1 /* Collision.swift in Sources */ = {isa = PBXBuildFile; fileRef = B031FEFB29A48DB5000574A1 /* Collision.swift */; };
		B031FEFE29A497E7000574A1 /* Level.swift in Sources */ = {isa = PBXBuildFile; fileRef = B031FEFD29A497E7000574A1 /* Level.swift */; };
		B0A70D8529A49EE90053DA5B /* GameModel.swift in Sources */ = {isa = PBXBuildFile; fileRef = B0A70D8429A49EE90053DA5B /* GameModel.swift */; };
		B0A70D8729A49F1D0053DA5B /* PlayerModel.swift in Sources */ = {isa = PBXBuildFile; fileRef = B0A70D8629A49F1D0053DA5B /* PlayerModel.swift */; };
		B0A70D8929A49F4A0053DA5B /* BonusModel.swift in Sources */ = {isa = PBXBuildFile; fileRef = B0A70D8829A49F4A0053DA5B /* BonusModel.swift */; };
		B0A70D8B29A49F5F0053DA5B /* LevelModel.swift in Sources */ = {isa = PBXBuildFile; fileRef = B0A70D8A29A49F5F0053DA5B /* LevelModel.swift */; };
		B0A70D8F29A49FAD0053DA5B /* EnemyModel.swift in Sources */ = {isa = PBXBuildFile; fileRef = B0A70D8E29A49FAD0053DA5B /* EnemyModel.swift */; };
/* End PBXBuildFile section */

/* Begin PBXFileReference section */
		B031FEDA29A48541000574A1 /* SlideGame.app */ = {isa = PBXFileReference; explicitFileType = wrapper.application; includeInIndex = 0; path = SlideGame.app; sourceTree = BUILT_PRODUCTS_DIR; };
		B031FEDD29A48541000574A1 /* AppDelegate.swift */ = {isa = PBXFileReference; lastKnownFileType = sourcecode.swift; path = AppDelegate.swift; sourceTree = "<group>"; };
		B031FEDF29A48541000574A1 /* SceneDelegate.swift */ = {isa = PBXFileReference; lastKnownFileType = sourcecode.swift; path = SceneDelegate.swift; sourceTree = "<group>"; };
		B031FEE129A48541000574A1 /* ViewController.swift */ = {isa = PBXFileReference; lastKnownFileType = sourcecode.swift; path = ViewController.swift; sourceTree = "<group>"; };
		B031FEE629A48543000574A1 /* Assets.xcassets */ = {isa = PBXFileReference; lastKnownFileType = folder.assetcatalog; path = Assets.xcassets; sourceTree = "<group>"; };
		B031FEEB29A48543000574A1 /* Info.plist */ = {isa = PBXFileReference; lastKnownFileType = text.plist.xml; path = Info.plist; sourceTree = "<group>"; };
		B031FEF129A4869D000574A1 /* GameScene.swift */ = {isa = PBXFileReference; lastKnownFileType = sourcecode.swift; path = GameScene.swift; sourceTree = "<group>"; };
		B031FEF329A48ACC000574A1 /* Player.swift */ = {isa = PBXFileReference; lastKnownFileType = sourcecode.swift; path = Player.swift; sourceTree = "<group>"; };
		B031FEF629A48B11000574A1 /* Bonuses.swift */ = {isa = PBXFileReference; lastKnownFileType = sourcecode.swift; path = Bonuses.swift; sourceTree = "<group>"; };
		B031FEF829A48B66000574A1 /* Enemy.swift */ = {isa = PBXFileReference; lastKnownFileType = sourcecode.swift; path = Enemy.swift; sourceTree = "<group>"; };
		B031FEFB29A48DB5000574A1 /* Collision.swift */ = {isa = PBXFileReference; lastKnownFileType = sourcecode.swift; path = Collision.swift; sourceTree = "<group>"; };
		B031FEFD29A497E7000574A1 /* Level.swift */ = {isa = PBXFileReference; lastKnownFileType = sourcecode.swift; path = Level.swift; sourceTree = "<group>"; };
		B0A70D8429A49EE90053DA5B /* GameModel.swift */ = {isa = PBXFileReference; lastKnownFileType = sourcecode.swift; path = GameModel.swift; sourceTree = "<group>"; };
		B0A70D8629A49F1D0053DA5B /* PlayerModel.swift */ = {isa = PBXFileReference; lastKnownFileType = sourcecode.swift; path = PlayerModel.swift; sourceTree = "<group>"; };
		B0A70D8829A49F4A0053DA5B /* BonusModel.swift */ = {isa = PBXFileReference; lastKnownFileType = sourcecode.swift; path = BonusModel.swift; sourceTree = "<group>"; };
		B0A70D8A29A49F5F0053DA5B /* LevelModel.swift */ = {isa = PBXFileReference; lastKnownFileType = sourcecode.swift; path = LevelModel.swift; sourceTree = "<group>"; };
		B0A70D8E29A49FAD0053DA5B /* EnemyModel.swift */ = {isa = PBXFileReference; lastKnownFileType = sourcecode.swift; path = EnemyModel.swift; sourceTree = "<group>"; };
/* End PBXFileReference section */

/* Begin PBXFrameworksBuildPhase section */
		B031FED729A48541000574A1 /* Frameworks */ = {
			isa = PBXFrameworksBuildPhase;
			buildActionMask = 2147483647;
			files = (
			);
			runOnlyForDeploymentPostprocessing = 0;
		};
/* End PBXFrameworksBuildPhase section */

/* Begin PBXGroup section */
		B031FED129A48541000574A1 = {
			isa = PBXGroup;
			children = (
				B031FEDC29A48541000574A1 /* SlideGame */,
				B031FEDB29A48541000574A1 /* Products */,
			);
			sourceTree = "<group>";
		};
		B031FEDB29A48541000574A1 /* Products */ = {
			isa = PBXGroup;
			children = (
				B031FEDA29A48541000574A1 /* SlideGame.app */,
			);
			name = Products;
			sourceTree = "<group>";
		};
		B031FEDC29A48541000574A1 /* SlideGame */ = {
			isa = PBXGroup;
			children = (
				B031FEDD29A48541000574A1 /* AppDelegate.swift */,
				B031FEDF29A48541000574A1 /* SceneDelegate.swift */,
				B031FEE129A48541000574A1 /* ViewController.swift */,
				B031FEF129A4869D000574A1 /* GameScene.swift */,
				B031FEFB29A48DB5000574A1 /* Collision.swift */,
				B031FEFF29A49E38000574A1 /* Model */,
				B031FEF529A48AE9000574A1 /* Objects */,
				B031FEE629A48543000574A1 /* Assets.xcassets */,
				B031FEEB29A48543000574A1 /* Info.plist */,
			);
			path = SlideGame;
			sourceTree = "<group>";
		};
		B031FEF529A48AE9000574A1 /* Objects */ = {
			isa = PBXGroup;
			children = (
				B031FEF329A48ACC000574A1 /* Player.swift */,
				B031FEF629A48B11000574A1 /* Bonuses.swift */,
				B031FEF829A48B66000574A1 /* Enemy.swift */,
				B031FEFD29A497E7000574A1 /* Level.swift */,
			);
			path = Objects;
			sourceTree = "<group>";
		};
		B031FEFF29A49E38000574A1 /* Model */ = {
			isa = PBXGroup;
			children = (
				B0A70D8429A49EE90053DA5B /* GameModel.swift */,
				B0A70D8629A49F1D0053DA5B /* PlayerModel.swift */,
				B0A70D8829A49F4A0053DA5B /* BonusModel.swift */,
				B0A70D8A29A49F5F0053DA5B /* LevelModel.swift */,
				B0A70D8E29A49FAD0053DA5B /* EnemyModel.swift */,
			);
			path = Model;
			sourceTree = "<group>";
		};
/* End PBXGroup section */

/* Begin PBXNativeTarget section */
		B031FED929A48541000574A1 /* SlideGame */ = {
			isa = PBXNativeTarget;
			buildConfigurationList = B031FEEE29A48543000574A1 /* Build configuration list for PBXNativeTarget "SlideGame" */;
			buildPhases = (
				B031FED629A48541000574A1 /* Sources */,
				B031FED729A48541000574A1 /* Frameworks */,
				B031FED829A48541000574A1 /* Resources */,
			);
			buildRules = (
			);
			dependencies = (
			);
			name = SlideGame;
			productName = SlideGame;
			productReference = B031FEDA29A48541000574A1 /* SlideGame.app */;
			productType = "com.apple.product-type.application";
		};
/* End PBXNativeTarget section */

/* Begin PBXProject section */
		B031FED229A48541000574A1 /* Project object */ = {
			isa = PBXProject;
			attributes = {
				BuildIndependentTargetsInParallel = 1;
				LastSwiftUpdateCheck = 1420;
				LastUpgradeCheck = 1420;
				TargetAttributes = {
					B031FED929A48541000574A1 = {
						CreatedOnToolsVersion = 14.2;
					};
				};
			};
			buildConfigurationList = B031FED529A48541000574A1 /* Build configuration list for PBXProject "SlideGame" */;
			compatibilityVersion = "Xcode 14.0";
			developmentRegion = en;
			hasScannedForEncodings = 0;
			knownRegions = (
				en,
				Base,
			);
			mainGroup = B031FED129A48541000574A1;
			productRefGroup = B031FEDB29A48541000574A1 /* Products */;
			projectDirPath = "";
			projectRoot = "";
			targets = (
				B031FED929A48541000574A1 /* SlideGame */,
			);
		};
/* End PBXProject section */

/* Begin PBXResourcesBuildPhase section */
		B031FED829A48541000574A1 /* Resources */ = {
			isa = PBXResourcesBuildPhase;
			buildActionMask = 2147483647;
			files = (
				B031FEE729A48543000574A1 /* Assets.xcassets in Resources */,
			);
			runOnlyForDeploymentPostprocessing = 0;
		};
/* End PBXResourcesBuildPhase section */

/* Begin PBXSourcesBuildPhase section */
		B031FED629A48541000574A1 /* Sources */ = {
			isa = PBXSourcesBuildPhase;
			buildActionMask = 2147483647;
			files = (
				B031FEF929A48B66000574A1 /* Enemy.swift in Sources */,
				B0A70D8B29A49F5F0053DA5B /* LevelModel.swift in Sources */,
				B0A70D8729A49F1D0053DA5B /* PlayerModel.swift in Sources */,
				B031FEE229A48541000574A1 /* ViewController.swift in Sources */,
				B0A70D8929A49F4A0053DA5B /* BonusModel.swift in Sources */,
				B031FEDE29A48541000574A1 /* AppDelegate.swift in Sources */,
				B031FEFE29A497E7000574A1 /* Level.swift in Sources */,
				B031FEF229A4869D000574A1 /* GameScene.swift in Sources */,
				B0A70D8529A49EE90053DA5B /* GameModel.swift in Sources */,
				B031FEF729A48B11000574A1 /* Bonuses.swift in Sources */,
				B0A70D8F29A49FAD0053DA5B /* EnemyModel.swift in Sources */,
				B031FEF429A48ACC000574A1 /* Player.swift in Sources */,
				B031FEFC29A48DB5000574A1 /* Collision.swift in Sources */,
				B031FEE029A48541000574A1 /* SceneDelegate.swift in Sources */,
			);
			runOnlyForDeploymentPostprocessing = 0;
		};
/* End PBXSourcesBuildPhase section */

/* Begin XCBuildConfiguration section */
		B031FEEC29A48543000574A1 /* Debug */ = {
			isa = XCBuildConfiguration;
			buildSettings = {
				ALWAYS_SEARCH_USER_PATHS = NO;
				CLANG_ANALYZER_NONNULL = YES;
				CLANG_ANALYZER_NUMBER_OBJECT_CONVERSION = YES_AGGRESSIVE;
				CLANG_CXX_LANGUAGE_STANDARD = "gnu++20";
				CLANG_ENABLE_MODULES = YES;
				CLANG_ENABLE_OBJC_ARC = YES;
				CLANG_ENABLE_OBJC_WEAK = YES;
				CLANG_WARN_BLOCK_CAPTURE_AUTORELEASING = YES;
				CLANG_WARN_BOOL_CONVERSION = YES;
				CLANG_WARN_COMMA = YES;
				CLANG_WARN_CONSTANT_CONVERSION = YES;
				CLANG_WARN_DEPRECATED_OBJC_IMPLEMENTATIONS = YES;
				CLANG_WARN_DIRECT_OBJC_ISA_USAGE = YES_ERROR;
				CLANG_WARN_DOCUMENTATION_COMMENTS = YES;
				CLANG_WARN_EMPTY_BODY = YES;
				CLANG_WARN_ENUM_CONVERSION = YES;
				CLANG_WARN_INFINITE_RECURSION = YES;
				CLANG_WARN_INT_CONVERSION = YES;
				CLANG_WARN_NON_LITERAL_NULL_CONVERSION = YES;
				CLANG_WARN_OBJC_IMPLICIT_RETAIN_SELF = YES;
				CLANG_WARN_OBJC_LITERAL_CONVERSION = YES;
				CLANG_WARN_OBJC_ROOT_CLASS = YES_ERROR;
				CLANG_WARN_QUOTED_INCLUDE_IN_FRAMEWORK_HEADER = YES;
				CLANG_WARN_RANGE_LOOP_ANALYSIS = YES;
				CLANG_WARN_STRICT_PROTOTYPES = YES;
				CLANG_WARN_SUSPICIOUS_MOVE = YES;
				CLANG_WARN_UNGUARDED_AVAILABILITY = YES_AGGRESSIVE;
				CLANG_WARN_UNREACHABLE_CODE = YES;
				CLANG_WARN__DUPLICATE_METHOD_MATCH = YES;
				COPY_PHASE_STRIP = NO;
				DEBUG_INFORMATION_FORMAT = dwarf;
				ENABLE_STRICT_OBJC_MSGSEND = YES;
				ENABLE_TESTABILITY = YES;
				GCC_C_LANGUAGE_STANDARD = gnu11;
				GCC_DYNAMIC_NO_PIC = NO;
				GCC_NO_COMMON_BLOCKS = YES;
				GCC_OPTIMIZATION_LEVEL = 0;
				GCC_PREPROCESSOR_DEFINITIONS = (
					"DEBUG=1",
					"$(inherited)",
				);
				GCC_WARN_64_TO_32_BIT_CONVERSION = YES;
				GCC_WARN_ABOUT_RETURN_TYPE = YES_ERROR;
				GCC_WARN_UNDECLARED_SELECTOR = YES;
				GCC_WARN_UNINITIALIZED_AUTOS = YES_AGGRESSIVE;
				GCC_WARN_UNUSED_FUNCTION = YES;
				GCC_WARN_UNUSED_VARIABLE = YES;
				IPHONEOS_DEPLOYMENT_TARGET = 16.2;
				MTL_ENABLE_DEBUG_INFO = INCLUDE_SOURCE;
				MTL_FAST_MATH = YES;
				ONLY_ACTIVE_ARCH = YES;
				SDKROOT = iphoneos;
				SWIFT_ACTIVE_COMPILATION_CONDITIONS = DEBUG;
				SWIFT_OPTIMIZATION_LEVEL = "-Onone";
			};
			name = Debug;
		};
		B031FEED29A48543000574A1 /* Release */ = {
			isa = XCBuildConfiguration;
			buildSettings = {
				ALWAYS_SEARCH_USER_PATHS = NO;
				CLANG_ANALYZER_NONNULL = YES;
				CLANG_ANALYZER_NUMBER_OBJECT_CONVERSION = YES_AGGRESSIVE;
				CLANG_CXX_LANGUAGE_STANDARD = "gnu++20";
				CLANG_ENABLE_MODULES = YES;
				CLANG_ENABLE_OBJC_ARC = YES;
				CLANG_ENABLE_OBJC_WEAK = YES;
				CLANG_WARN_BLOCK_CAPTURE_AUTORELEASING = YES;
				CLANG_WARN_BOOL_CONVERSION = YES;
				CLANG_WARN_COMMA = YES;
				CLANG_WARN_CONSTANT_CONVERSION = YES;
				CLANG_WARN_DEPRECATED_OBJC_IMPLEMENTATIONS = YES;
				CLANG_WARN_DIRECT_OBJC_ISA_USAGE = YES_ERROR;
				CLANG_WARN_DOCUMENTATION_COMMENTS = YES;
				CLANG_WARN_EMPTY_BODY = YES;
				CLANG_WARN_ENUM_CONVERSION = YES;
				CLANG_WARN_INFINITE_RECURSION = YES;
				CLANG_WARN_INT_CONVERSION = YES;
				CLANG_WARN_NON_LITERAL_NULL_CONVERSION = YES;
				CLANG_WARN_OBJC_IMPLICIT_RETAIN_SELF = YES;
				CLANG_WARN_OBJC_LITERAL_CONVERSION = YES;
				CLANG_WARN_OBJC_ROOT_CLASS = YES_ERROR;
				CLANG_WARN_QUOTED_INCLUDE_IN_FRAMEWORK_HEADER = YES;
				CLANG_WARN_RANGE_LOOP_ANALYSIS = YES;
				CLANG_WARN_STRICT_PROTOTYPES = YES;
				CLANG_WARN_SUSPICIOUS_MOVE = YES;
				CLANG_WARN_UNGUARDED_AVAILABILITY = YES_AGGRESSIVE;
				CLANG_WARN_UNREACHABLE_CODE = YES;
				CLANG_WARN__DUPLICATE_METHOD_MATCH = YES;
				COPY_PHASE_STRIP = NO;
				DEBUG_INFORMATION_FORMAT = "dwarf-with-dsym";
				ENABLE_NS_ASSERTIONS = NO;
				ENABLE_STRICT_OBJC_MSGSEND = YES;
				GCC_C_LANGUAGE_STANDARD = gnu11;
				GCC_NO_COMMON_BLOCKS = YES;
				GCC_WARN_64_TO_32_BIT_CONVERSION = YES;
				GCC_WARN_ABOUT_RETURN_TYPE = YES_ERROR;
				GCC_WARN_UNDECLARED_SELECTOR = YES;
				GCC_WARN_UNINITIALIZED_AUTOS = YES_AGGRESSIVE;
				GCC_WARN_UNUSED_FUNCTION = YES;
				GCC_WARN_UNUSED_VARIABLE = YES;
				IPHONEOS_DEPLOYMENT_TARGET = 16.2;
				MTL_ENABLE_DEBUG_INFO = NO;
				MTL_FAST_MATH = YES;
				SDKROOT = iphoneos;
				SWIFT_COMPILATION_MODE = wholemodule;
				SWIFT_OPTIMIZATION_LEVEL = "-O";
				VALIDATE_PRODUCT = YES;
			};
			name = Release;
		};
		B031FEEF29A48543000574A1 /* Debug */ = {
			isa = XCBuildConfiguration;
			buildSettings = {
				ASSETCATALOG_COMPILER_APPICON_NAME = AppIcon;
				ASSETCATALOG_COMPILER_GLOBAL_ACCENT_COLOR_NAME = AccentColor;
				CODE_SIGN_STYLE = Automatic;
				CURRENT_PROJECT_VERSION = 1;
				DEVELOPMENT_TEAM = K76VZ7SA7Z;
				GENERATE_INFOPLIST_FILE = YES;
				INFOPLIST_FILE = SlideGame/Info.plist;
				INFOPLIST_KEY_UIApplicationSupportsIndirectInputEvents = YES;
				INFOPLIST_KEY_UILaunchStoryboardName = LaunchScreen;
				INFOPLIST_KEY_UISupportedInterfaceOrientations = "UIInterfaceOrientationLandscapeRight UIInterfaceOrientationPortrait";
				INFOPLIST_KEY_UISupportedInterfaceOrientations_iPad = "UIInterfaceOrientationPortrait UIInterfaceOrientationPortraitUpsideDown";
				LD_RUNPATH_SEARCH_PATHS = (
					"$(inherited)",
					"@executable_path/Frameworks",
				);
				MARKETING_VERSION = 1.0;
				PRODUCT_BUNDLE_IDENTIFIER = AlexHor.SlideGame;
				PRODUCT_NAME = "$(TARGET_NAME)";
				SWIFT_EMIT_LOC_STRINGS = YES;
				SWIFT_VERSION = 5.0;
				TARGETED_DEVICE_FAMILY = "1,2";
			};
			name = Debug;
		};
		B031FEF029A48543000574A1 /* Release */ = {
			isa = XCBuildConfiguration;
			buildSettings = {
				ASSETCATALOG_COMPILER_APPICON_NAME = AppIcon;
				ASSETCATALOG_COMPILER_GLOBAL_ACCENT_COLOR_NAME = AccentColor;
				CODE_SIGN_STYLE = Automatic;
				CURRENT_PROJECT_VERSION = 1;
				DEVELOPMENT_TEAM = K76VZ7SA7Z;
				GENERATE_INFOPLIST_FILE = YES;
				INFOPLIST_FILE = SlideGame/Info.plist;
				INFOPLIST_KEY_UIApplicationSupportsIndirectInputEvents = YES;
				INFOPLIST_KEY_UILaunchStoryboardName = LaunchScreen;
				INFOPLIST_KEY_UISupportedInterfaceOrientations = "UIInterfaceOrientationLandscapeRight UIInterfaceOrientationPortrait";
				INFOPLIST_KEY_UISupportedInterfaceOrientations_iPad = "UIInterfaceOrientationPortrait UIInterfaceOrientationPortraitUpsideDown";
				LD_RUNPATH_SEARCH_PATHS = (
					"$(inherited)",
					"@executable_path/Frameworks",
				);
				MARKETING_VERSION = 1.0;
				PRODUCT_BUNDLE_IDENTIFIER = AlexHor.SlideGame;
				PRODUCT_NAME = "$(TARGET_NAME)";
				SWIFT_EMIT_LOC_STRINGS = YES;
				SWIFT_VERSION = 5.0;
				TARGETED_DEVICE_FAMILY = "1,2";
			};
			name = Release;
		};
/* End XCBuildConfiguration section */

/* Begin XCConfigurationList section */
		B031FED529A48541000574A1 /* Build configuration list for PBXProject "SlideGame" */ = {
			isa = XCConfigurationList;
			buildConfigurations = (
				B031FEEC29A48543000574A1 /* Debug */,
				B031FEED29A48543000574A1 /* Release */,
			);
			defaultConfigurationIsVisible = 0;
			defaultConfigurationName = Release;
		};
		B031FEEE29A48543000574A1 /* Build configuration list for PBXNativeTarget "SlideGame" */ = {
			isa = XCConfigurationList;
			buildConfigurations = (
				B031FEEF29A48543000574A1 /* Debug */,
				B031FEF029A48543000574A1 /* Release */,
			);
			defaultConfigurationIsVisible = 0;
			defaultConfigurationName = Release;
		};
/* End XCConfigurationList section */
	};
	rootObject = B031FED229A48541000574A1 /* Project object */;
}
